{
  "version": 4,
  "terraform_version": "1.6.0",
  "serial": 1,
  "lineage": "7595b268-654a-1629-ba10-f31ba21abd61",
  "outputs": {},
  "resources": [
    {
      "mode": "managed",
      "type": "aws_eks_cluster",
      "name": "ashwini-cluster",
      "provider": "provider[\"registry.terraform.io/hashicorp/aws\"]",
      "instances": [
        {
          "schema_version": 0,
          "attributes": {
            "arn": "arn:aws:eks:us-east-2:853931821519:cluster/ashwini-cluster",
            "certificate_authority": [
              {
                "data": "LS0tLS1CRUdJTiBDRVJUSUZJQ0FURS0tLS0tCk1JSURCVENDQWUyZ0F3SUJBZ0lJSmpkUjZSVjBwZ293RFFZSktvWklodmNOQVFFTEJRQXdGVEVUTUJFR0ExVUUKQXhNS2EzVmlaWEp1WlhSbGN6QWVGdzB5TXpFd01qVXdOREF4TURaYUZ3MHpNekV3TWpJd05EQTJNRFphTUJVeApFekFSQmdOVkJBTVRDbXQxWW1WeWJtVjBaWE13Z2dFaU1BMEdDU3FHU0liM0RRRUJBUVVBQTRJQkR3QXdnZ0VLCkFvSUJBUUN2VTFyVkRvWGlSQWFWK1V0bDBKT25sM2xNVEQ2YnhpaW9LUmZUcHZXV1VxT3FoVjk1VGJUdTJpNTEKdlZFR0JBUVB5K2Yxc0Mvc1R5SlVHOWZLYWJkZGlPUWhkU2VHY0E0TG9wTVU0RXJtaWYwQnNXQVloL00yMEg1VAp5Q0V2cmJxWjhMTWtFeWJiUDJYZUc3QmNoalA4UzN1UVN1T0JQd1FWdkIzSjJ4NURGNjFJSWlYNGtrWTF3YTN0CitBOXRLcDRlcHNIVk42NUlJUFhMRVBQVjluMFQrK1RodkRpN0ZrZkxvdUhWQzhhdDA4QVZwdkVURG10VHJ2RnoKclVYS1g2bzhjbk9GS1hpcXdIQnZkeC9EUzZsTS84R0VaNWNJYzZHamtTajNZbnhFbGNNUGNUcjV6dTMrV0oxdApUcVJ4VW9pZmpDb1E3Y2wzdjM5TUczN2x3SVZsQWdNQkFBR2pXVEJYTUE0R0ExVWREd0VCL3dRRUF3SUNwREFQCkJnTlZIUk1CQWY4RUJUQURBUUgvTUIwR0ExVWREZ1FXQkJUUGI3L0NydnVFK2tEN09UWkpEN3dObEdBSGREQVYKQmdOVkhSRUVEakFNZ2dwcmRXSmxjbTVsZEdWek1BMEdDU3FHU0liM0RRRUJDd1VBQTRJQkFRQjhrTkJMcTVzNApycXI5TUF6emNRQzErYjM3TytKN2JXbjBybFFnZGxjVncvaWFsMDdZc2pZUVNYWnRvQWRDN2dscis2YnNVejFwCmtmZVZuRmpUaXA5L2R1SjZXK0tHVWxJMmNwbFpLNmlWQ1ZXS1BjU2lpUjRNSnU0eUc5SW9IMXJTSE1yY1dqTFYKV1J2YjN5OCt0UGpYSytvcGNxbnhFZVl3bGt6bGtpTUlLNlBuZDluNUVsaFdsWGE2b2JJR3lEZDU2NnNabU9oTQpDejFuMmlKVU1WNHNFcjRVZ1BQWmwvcnZZZ2RpV0l5Z0p0bVlqZlpva050MmREYUNBRG1Pek04ZnA4NWpMMnZKClZuMXlrN2NscWVZL0JLY3g4Z2MvZ05sc2pEN0VqOXZwbk1xUlJ3RzZtenQyNVRsYXJ1bHVvQUZ4NXIvNzV1cmcKc2p5aDVlWXdQRGhmCi0tLS0tRU5EIENFUlRJRklDQVRFLS0tLS0K"
              }
            ],
            "cluster_id": null,
            "created_at": "2023-10-25 04:02:05.63 +0000 UTC",
            "enabled_cluster_log_types": [],
            "encryption_config": [],
            "endpoint": "https://7FCC03910C841D0B675F6F15843B03D9.gr7.us-east-2.eks.amazonaws.com",
            "id": "ashwini-cluster",
            "identity": [
              {
                "oidc": [
                  {
                    "issuer": "https://oidc.eks.us-east-2.amazonaws.com/id/7FCC03910C841D0B675F6F15843B03D9"
                  }
                ]
              }
            ],
            "kubernetes_network_config": [
              {
                "ip_family": "ipv4",
                "service_ipv4_cidr": "10.100.0.0/16",
                "service_ipv6_cidr": ""
              }
            ],
            "name": "ashwini-cluster",
            "outpost_config": [],
            "platform_version": "eks.2",
            "role_arn": "arn:aws:iam::853931821519:role/sai-eks-role",
            "status": "ACTIVE",
            "tags": {},
            "tags_all": {},
            "timeouts": null,
            "version": "1.28",
            "vpc_config": [
              {
                "cluster_security_group_id": "sg-025fc65136dd10e57",
                "endpoint_private_access": true,
                "endpoint_public_access": true,
                "public_access_cidrs": [
                  "0.0.0.0/0"
                ],
                "security_group_ids": [
                  "sg-0c136e9c7e59ce124"
                ],
                "subnet_ids": [
                  "subnet-02edf4763a93e947e",
                  "subnet-03552d345c894723e",
                  "subnet-07e4a9548d8516e3a"
                ],
                "vpc_id": "vpc-0beed584dea86fdbe"
              }
            ]
          },
          "sensitive_attributes": [],
          "private": "eyJlMmJmYjczMC1lY2FhLTExZTYtOGY4OC0zNDM2M2JjN2M0YzAiOnsiY3JlYXRlIjoxODAwMDAwMDAwMDAwLCJkZWxldGUiOjkwMDAwMDAwMDAwMCwidXBkYXRlIjozNjAwMDAwMDAwMDAwfSwic2NoZW1hX3ZlcnNpb24iOiIwIn0="
        }
      ]
    }
  ],
  "check_results": null
}
